
Microsoft Visual Studio Solution File, Format Version 12.00
# Visual Studio Version 16
VisualStudioVersion = 16.0.29209.62
MinimumVisualStudioVersion = 10.0.40219.1
Project("{9A19103F-16F7-4668-BE54-9A1E7A4F7556}") = "Anori.WPF.Behaviors", "Anori.WPF.Behaviors\Anori.WPF.Behaviors.csproj", "{8620C598-B704-429E-BCA5-7E5DDE506923}"
EndProject
Project("{9A19103F-16F7-4668-BE54-9A1E7A4F7556}") = "UnitTests", "..\Tests\UnitTests\UnitTests.csproj", "{76E3CE29-A9BC-4417-8224-CE18C6FE51B4}"
EndProject
Project("{2150E333-8FDC-42A3-9474-1A3956D46DE8}") = "Solution Items", "Solution Items", "{DFFF3108-79F3-4D4C-BB7E-991E7B1B26A6}"
	ProjectSection(SolutionItems) = preProject
		..\.editorconfig = ..\.editorconfig
		..\azure-pipelines.yml = ..\azure-pipelines.yml
		..\Directory.Build.props = ..\Directory.Build.props
		..\Directory.Build.targets = ..\Directory.Build.targets
		tools\Install.ps1 = tools\Install.ps1
		..\README.md = ..\README.md
		..\version.json = ..\version.json
	EndProjectSection
EndProject
Project("{9A19103F-16F7-4668-BE54-9A1E7A4F7556}") = "Anori.WPF.Behaviors.Extensions", "Anori.WPF.Behaviors.Extensions\Anori.WPF.Behaviors.Extensions.csproj", "{BE3F8D60-56EF-4DDE-8931-CD5F84992F93}"
EndProject
Project("{9A19103F-16F7-4668-BE54-9A1E7A4F7556}") = "Anori.WPF.Behaviors.Extensions.GuiTests", "..\Tests\Anori.WPF.Behaviors.Extensions.GuiTests\Anori.WPF.Behaviors.Extensions.GuiTests.csproj", "{54AC852E-903D-469E-98FF-84A45697B6A6}"
EndProject
Project("{FAE04EC0-301F-11D3-BF4B-00C04F79EFBC}") = "Anori.WPF.Behaviors.Design", "Anori.WPF.Behaviors.Design\Anori.WPF.Behaviors.Design.csproj", "{6FBA03AC-D43F-447F-A087-404B9DB14952}"
EndProject
Project("{FAE04EC0-301F-11D3-BF4B-00C04F79EFBC}") = "Anori.WPF.Behaviors.DesignTools", "Anori.WPF.Behaviors.DesignTools\Anori.WPF.Behaviors.DesignTools.csproj", "{6C3F3432-D090-450B-822B-95B7C3CEF663}"
EndProject
Project("{9A19103F-16F7-4668-BE54-9A1E7A4F7556}") = "WpfApp1", "WpfApp1\WpfApp1.csproj", "{EE32B697-30A7-42EF-A44F-6391425355EA}"
EndProject
Project("{9A19103F-16F7-4668-BE54-9A1E7A4F7556}") = "Anori.WPF.Behaviors.Observables", "Anori.WPF.Behaviors.Observables\Anori.WPF.Behaviors.Observables.csproj", "{972A3507-AC7C-4BA3-BA41-CD1D079BCDDC}"
EndProject
Project("{9A19103F-16F7-4668-BE54-9A1E7A4F7556}") = "Anori.WPF.NameChecks", "Anori.WPF.NameChecks\Anori.WPF.NameChecks.csproj", "{1044828A-BB51-4AE0-9E06-DABA26573821}"
EndProject
Project("{9A19103F-16F7-4668-BE54-9A1E7A4F7556}") = "Anori.WPF.Behaviors.Observables.GuiTests", "..\Tests\Anori.WPF.Behaviors.Observables.GuiTests\Anori.WPF.Behaviors.Observables.GuiTests.csproj", "{B0311CF5-2839-4CCF-8A4D-FF0D84E8BDF2}"
EndProject
Project("{FAE04EC0-301F-11D3-BF4B-00C04F79EFBC}") = "Anori.WPF.StyleBehaviors", "Anori.WPF.SytleBehaviors\Anori.WPF.StyleBehaviors.csproj", "{3C34973D-6494-4B7C-8F88-0D1A55FCB3CC}"
EndProject
Global
	GlobalSection(SolutionConfigurationPlatforms) = preSolution
		Debug|Any CPU = Debug|Any CPU
		Debug|x86 = Debug|x86
		Release|Any CPU = Release|Any CPU
		Release|x86 = Release|x86
	EndGlobalSection
	GlobalSection(ProjectConfigurationPlatforms) = postSolution
		{8620C598-B704-429E-BCA5-7E5DDE506923}.Debug|Any CPU.ActiveCfg = Debug|Any CPU
		{8620C598-B704-429E-BCA5-7E5DDE506923}.Debug|Any CPU.Build.0 = Debug|Any CPU
		{8620C598-B704-429E-BCA5-7E5DDE506923}.Debug|x86.ActiveCfg = Debug|Any CPU
		{8620C598-B704-429E-BCA5-7E5DDE506923}.Debug|x86.Build.0 = Debug|Any CPU
		{8620C598-B704-429E-BCA5-7E5DDE506923}.Release|Any CPU.ActiveCfg = Release|Any CPU
		{8620C598-B704-429E-BCA5-7E5DDE506923}.Release|Any CPU.Build.0 = Release|Any CPU
		{8620C598-B704-429E-BCA5-7E5DDE506923}.Release|x86.ActiveCfg = Release|Any CPU
		{8620C598-B704-429E-BCA5-7E5DDE506923}.Release|x86.Build.0 = Release|Any CPU
		{76E3CE29-A9BC-4417-8224-CE18C6FE51B4}.Debug|Any CPU.ActiveCfg = Debug|Any CPU
		{76E3CE29-A9BC-4417-8224-CE18C6FE51B4}.Debug|Any CPU.Build.0 = Debug|Any CPU
		{76E3CE29-A9BC-4417-8224-CE18C6FE51B4}.Debug|x86.ActiveCfg = Debug|Any CPU
		{76E3CE29-A9BC-4417-8224-CE18C6FE51B4}.Debug|x86.Build.0 = Debug|Any CPU
		{76E3CE29-A9BC-4417-8224-CE18C6FE51B4}.Release|Any CPU.ActiveCfg = Release|Any CPU
		{76E3CE29-A9BC-4417-8224-CE18C6FE51B4}.Release|Any CPU.Build.0 = Release|Any CPU
		{76E3CE29-A9BC-4417-8224-CE18C6FE51B4}.Release|x86.ActiveCfg = Release|Any CPU
		{76E3CE29-A9BC-4417-8224-CE18C6FE51B4}.Release|x86.Build.0 = Release|Any CPU
		{BE3F8D60-56EF-4DDE-8931-CD5F84992F93}.Debug|Any CPU.ActiveCfg = Debug|Any CPU
		{BE3F8D60-56EF-4DDE-8931-CD5F84992F93}.Debug|Any CPU.Build.0 = Debug|Any CPU
		{BE3F8D60-56EF-4DDE-8931-CD5F84992F93}.Debug|x86.ActiveCfg = Debug|Any CPU
		{BE3F8D60-56EF-4DDE-8931-CD5F84992F93}.Debug|x86.Build.0 = Debug|Any CPU
		{BE3F8D60-56EF-4DDE-8931-CD5F84992F93}.Release|Any CPU.ActiveCfg = Release|Any CPU
		{BE3F8D60-56EF-4DDE-8931-CD5F84992F93}.Release|Any CPU.Build.0 = Release|Any CPU
		{BE3F8D60-56EF-4DDE-8931-CD5F84992F93}.Release|x86.ActiveCfg = Release|Any CPU
		{BE3F8D60-56EF-4DDE-8931-CD5F84992F93}.Release|x86.Build.0 = Release|Any CPU
		{54AC852E-903D-469E-98FF-84A45697B6A6}.Debug|Any CPU.ActiveCfg = Debug|Any CPU
		{54AC852E-903D-469E-98FF-84A45697B6A6}.Debug|Any CPU.Build.0 = Debug|Any CPU
		{54AC852E-903D-469E-98FF-84A45697B6A6}.Debug|x86.ActiveCfg = Debug|Any CPU
		{54AC852E-903D-469E-98FF-84A45697B6A6}.Debug|x86.Build.0 = Debug|Any CPU
		{54AC852E-903D-469E-98FF-84A45697B6A6}.Release|Any CPU.ActiveCfg = Release|Any CPU
		{54AC852E-903D-469E-98FF-84A45697B6A6}.Release|Any CPU.Build.0 = Release|Any CPU
		{54AC852E-903D-469E-98FF-84A45697B6A6}.Release|x86.ActiveCfg = Release|Any CPU
		{54AC852E-903D-469E-98FF-84A45697B6A6}.Release|x86.Build.0 = Release|Any CPU
		{6FBA03AC-D43F-447F-A087-404B9DB14952}.Debug|Any CPU.ActiveCfg = Debug|Any CPU
		{6FBA03AC-D43F-447F-A087-404B9DB14952}.Debug|Any CPU.Build.0 = Debug|Any CPU
		{6FBA03AC-D43F-447F-A087-404B9DB14952}.Debug|x86.ActiveCfg = Debug|Any CPU
		{6FBA03AC-D43F-447F-A087-404B9DB14952}.Debug|x86.Build.0 = Debug|Any CPU
		{6FBA03AC-D43F-447F-A087-404B9DB14952}.Release|Any CPU.ActiveCfg = Release|Any CPU
		{6FBA03AC-D43F-447F-A087-404B9DB14952}.Release|Any CPU.Build.0 = Release|Any CPU
		{6FBA03AC-D43F-447F-A087-404B9DB14952}.Release|x86.ActiveCfg = Release|Any CPU
		{6FBA03AC-D43F-447F-A087-404B9DB14952}.Release|x86.Build.0 = Release|Any CPU
		{6C3F3432-D090-450B-822B-95B7C3CEF663}.Debug|Any CPU.ActiveCfg = Debug|Any CPU
		{6C3F3432-D090-450B-822B-95B7C3CEF663}.Debug|Any CPU.Build.0 = Debug|Any CPU
		{6C3F3432-D090-450B-822B-95B7C3CEF663}.Debug|x86.ActiveCfg = Debug|Any CPU
		{6C3F3432-D090-450B-822B-95B7C3CEF663}.Debug|x86.Build.0 = Debug|Any CPU
		{6C3F3432-D090-450B-822B-95B7C3CEF663}.Release|Any CPU.ActiveCfg = Release|Any CPU
		{6C3F3432-D090-450B-822B-95B7C3CEF663}.Release|Any CPU.Build.0 = Release|Any CPU
		{6C3F3432-D090-450B-822B-95B7C3CEF663}.Release|x86.ActiveCfg = Release|Any CPU
		{6C3F3432-D090-450B-822B-95B7C3CEF663}.Release|x86.Build.0 = Release|Any CPU
		{EE32B697-30A7-42EF-A44F-6391425355EA}.Debug|Any CPU.ActiveCfg = Debug|Any CPU
		{EE32B697-30A7-42EF-A44F-6391425355EA}.Debug|Any CPU.Build.0 = Debug|Any CPU
		{EE32B697-30A7-42EF-A44F-6391425355EA}.Debug|x86.ActiveCfg = Debug|Any CPU
		{EE32B697-30A7-42EF-A44F-6391425355EA}.Debug|x86.Build.0 = Debug|Any CPU
		{EE32B697-30A7-42EF-A44F-6391425355EA}.Release|Any CPU.ActiveCfg = Release|Any CPU
		{EE32B697-30A7-42EF-A44F-6391425355EA}.Release|Any CPU.Build.0 = Release|Any CPU
		{EE32B697-30A7-42EF-A44F-6391425355EA}.Release|x86.ActiveCfg = Release|Any CPU
		{EE32B697-30A7-42EF-A44F-6391425355EA}.Release|x86.Build.0 = Release|Any CPU
		{972A3507-AC7C-4BA3-BA41-CD1D079BCDDC}.Debug|Any CPU.ActiveCfg = Debug|Any CPU
		{972A3507-AC7C-4BA3-BA41-CD1D079BCDDC}.Debug|Any CPU.Build.0 = Debug|Any CPU
		{972A3507-AC7C-4BA3-BA41-CD1D079BCDDC}.Debug|x86.ActiveCfg = Debug|Any CPU
		{972A3507-AC7C-4BA3-BA41-CD1D079BCDDC}.Debug|x86.Build.0 = Debug|Any CPU
		{972A3507-AC7C-4BA3-BA41-CD1D079BCDDC}.Release|Any CPU.ActiveCfg = Release|Any CPU
		{972A3507-AC7C-4BA3-BA41-CD1D079BCDDC}.Release|Any CPU.Build.0 = Release|Any CPU
		{972A3507-AC7C-4BA3-BA41-CD1D079BCDDC}.Release|x86.ActiveCfg = Release|Any CPU
		{972A3507-AC7C-4BA3-BA41-CD1D079BCDDC}.Release|x86.Build.0 = Release|Any CPU
		{1044828A-BB51-4AE0-9E06-DABA26573821}.Debug|Any CPU.ActiveCfg = Debug|Any CPU
		{1044828A-BB51-4AE0-9E06-DABA26573821}.Debug|Any CPU.Build.0 = Debug|Any CPU
		{1044828A-BB51-4AE0-9E06-DABA26573821}.Debug|x86.ActiveCfg = Debug|Any CPU
		{1044828A-BB51-4AE0-9E06-DABA26573821}.Debug|x86.Build.0 = Debug|Any CPU
		{1044828A-BB51-4AE0-9E06-DABA26573821}.Release|Any CPU.ActiveCfg = Release|Any CPU
		{1044828A-BB51-4AE0-9E06-DABA26573821}.Release|Any CPU.Build.0 = Release|Any CPU
		{1044828A-BB51-4AE0-9E06-DABA26573821}.Release|x86.ActiveCfg = Release|Any CPU
		{1044828A-BB51-4AE0-9E06-DABA26573821}.Release|x86.Build.0 = Release|Any CPU
		{B0311CF5-2839-4CCF-8A4D-FF0D84E8BDF2}.Debug|Any CPU.ActiveCfg = Debug|Any CPU
		{B0311CF5-2839-4CCF-8A4D-FF0D84E8BDF2}.Debug|Any CPU.Build.0 = Debug|Any CPU
		{B0311CF5-2839-4CCF-8A4D-FF0D84E8BDF2}.Debug|x86.ActiveCfg = Debug|Any CPU
		{B0311CF5-2839-4CCF-8A4D-FF0D84E8BDF2}.Debug|x86.Build.0 = Debug|Any CPU
		{B0311CF5-2839-4CCF-8A4D-FF0D84E8BDF2}.Release|Any CPU.ActiveCfg = Release|Any CPU
		{B0311CF5-2839-4CCF-8A4D-FF0D84E8BDF2}.Release|Any CPU.Build.0 = Release|Any CPU
		{B0311CF5-2839-4CCF-8A4D-FF0D84E8BDF2}.Release|x86.ActiveCfg = Release|Any CPU
		{B0311CF5-2839-4CCF-8A4D-FF0D84E8BDF2}.Release|x86.Build.0 = Release|Any CPU
		{3C34973D-6494-4B7C-8F88-0D1A55FCB3CC}.Debug|Any CPU.ActiveCfg = Debug|Any CPU
		{3C34973D-6494-4B7C-8F88-0D1A55FCB3CC}.Debug|Any CPU.Build.0 = Debug|Any CPU
		{3C34973D-6494-4B7C-8F88-0D1A55FCB3CC}.Debug|x86.ActiveCfg = Debug|Any CPU
		{3C34973D-6494-4B7C-8F88-0D1A55FCB3CC}.Debug|x86.Build.0 = Debug|Any CPU
		{3C34973D-6494-4B7C-8F88-0D1A55FCB3CC}.Release|Any CPU.ActiveCfg = Release|Any CPU
		{3C34973D-6494-4B7C-8F88-0D1A55FCB3CC}.Release|Any CPU.Build.0 = Release|Any CPU
		{3C34973D-6494-4B7C-8F88-0D1A55FCB3CC}.Release|x86.ActiveCfg = Release|Any CPU
		{3C34973D-6494-4B7C-8F88-0D1A55FCB3CC}.Release|x86.Build.0 = Release|Any CPU
	EndGlobalSection
	GlobalSection(SolutionProperties) = preSolution
		HideSolutionNode = FALSE
	EndGlobalSection
	GlobalSection(ExtensibilityGlobals) = postSolution
		SolutionGuid = {CE568162-14E0-4A06-892B-DB8C8452253F}
	EndGlobalSection
	GlobalSection(TestCaseManagementSettings) = postSolution
		CategoryFile = BlendSdk.vsmdi
	EndGlobalSection
EndGlobal
